
Microsoft Visual Studio Solution File, Format Version 12.00
# Visual Studio Version 17
VisualStudioVersion = 17.1.32414.318
MinimumVisualStudioVersion = 10.0.40219.1
Project("{FAE04EC0-301F-11D3-BF4B-00C04F79EFBC}") = "TapRunner", "TapRunner\TapRunner.csproj", "{EB174122-9ACC-4D98-816C-5076E75EA5AC}"
EndProject
Global
	GlobalSection(SolutionConfigurationPlatforms) = preSolution
		Debug|Any CPU = Debug|Any CPU
		Release|Any CPU = Release|Any CPU
	EndGlobalSection
	GlobalSection(ProjectConfigurationPlatforms) = postSolution
		{EB174122-9ACC-4D98-816C-5076E75EA5AC}.Debug|Any CPU.ActiveCfg = Debug|Any CPU
		{EB174122-9ACC-4D98-816C-5076E75EA5AC}.Debug|Any CPU.Build.0 = Debug|Any CPU
		{EB174122-9ACC-4D98-816C-5076E75EA5AC}.Release|Any CPU.ActiveCfg = Release|Any CPU
		{EB174122-9ACC-4D98-816C-5076E75EA5AC}.Release|Any CPU.Build.0 = Release|Any CPU
	EndGlobalSection
	GlobalSection(SolutionProperties) = preSolution
		HideSolutionNode = FALSE
	EndGlobalSection
	GlobalSection(ExtensibilityGlobals) = postSolution
		SolutionGuid = {DBC2D975-6292-44E6-9150-D856E1FCC7DB}
	EndGlobalSection
EndGlobal
